// !$*UTF8*$!
{
	archiveVersion = 1;
	classes = {
	};
	objectVersion = 51;
	objects = {

/* Begin PBXBuildFile section */
		D9000F42246F3F3600C1BB9B /* Item.swift in Sources */ = {isa = PBXBuildFile; fileRef = D9000F41246F3F3500C1BB9B /* Item.swift */; };
		D9000F44246F3F4400C1BB9B /* Category.swift in Sources */ = {isa = PBXBuildFile; fileRef = D9000F43246F3F4400C1BB9B /* Category.swift */; };
		D98C374224660C7200919F2E /* AppDelegate.swift in Sources */ = {isa = PBXBuildFile; fileRef = D98C374124660C7200919F2E /* AppDelegate.swift */; };
		D98C374424660C7200919F2E /* SceneDelegate.swift in Sources */ = {isa = PBXBuildFile; fileRef = D98C374324660C7200919F2E /* SceneDelegate.swift */; };
		D98C374624660C7200919F2E /* TodoListViewController.swift in Sources */ = {isa = PBXBuildFile; fileRef = D98C374524660C7200919F2E /* TodoListViewController.swift */; };
		D98C374924660C7200919F2E /* Main.storyboard in Resources */ = {isa = PBXBuildFile; fileRef = D98C374724660C7200919F2E /* Main.storyboard */; };
		D98C374B24660C7300919F2E /* Assets.xcassets in Resources */ = {isa = PBXBuildFile; fileRef = D98C374A24660C7300919F2E /* Assets.xcassets */; };
		D98C374E24660C7300919F2E /* LaunchScreen.storyboard in Resources */ = {isa = PBXBuildFile; fileRef = D98C374C24660C7300919F2E /* LaunchScreen.storyboard */; };
		D9AEFB8A246F195F00B2FFE3 /* CategoryViewController.swift in Sources */ = {isa = PBXBuildFile; fileRef = D9AEFB89246F195F00B2FFE3 /* CategoryViewController.swift */; };
		E9FECAE3629E1DF63426D897 /* Pods_MiniList.framework in Frameworks */ = {isa = PBXBuildFile; fileRef = C0ACCA44A11E3F116578944D /* Pods_MiniList.framework */; };
/* End PBXBuildFile section */

/* Begin PBXFileReference section */
		500580BB3388831F4029D81D /* Pods-MiniList.debug.xcconfig */ = {isa = PBXFileReference; includeInIndex = 1; lastKnownFileType = text.xcconfig; name = "Pods-MiniList.debug.xcconfig"; path = "Target Support Files/Pods-MiniList/Pods-MiniList.debug.xcconfig"; sourceTree = "<group>"; };
		A4DDD86AF2743D608171D806 /* Pods-MiniList.release.xcconfig */ = {isa = PBXFileReference; includeInIndex = 1; lastKnownFileType = text.xcconfig; name = "Pods-MiniList.release.xcconfig"; path = "Target Support Files/Pods-MiniList/Pods-MiniList.release.xcconfig"; sourceTree = "<group>"; };
		C0ACCA44A11E3F116578944D /* Pods_MiniList.framework */ = {isa = PBXFileReference; explicitFileType = wrapper.framework; includeInIndex = 0; path = Pods_MiniList.framework; sourceTree = BUILT_PRODUCTS_DIR; };
		D9000F41246F3F3500C1BB9B /* Item.swift */ = {isa = PBXFileReference; lastKnownFileType = sourcecode.swift; path = Item.swift; sourceTree = "<group>"; };
		D9000F43246F3F4400C1BB9B /* Category.swift */ = {isa = PBXFileReference; lastKnownFileType = sourcecode.swift; path = Category.swift; sourceTree = "<group>"; };
		D98C373E24660C7200919F2E /* MiniList.app */ = {isa = PBXFileReference; explicitFileType = wrapper.application; includeInIndex = 0; path = MiniList.app; sourceTree = BUILT_PRODUCTS_DIR; };
		D98C374124660C7200919F2E /* AppDelegate.swift */ = {isa = PBXFileReference; lastKnownFileType = sourcecode.swift; path = AppDelegate.swift; sourceTree = "<group>"; };
		D98C374324660C7200919F2E /* SceneDelegate.swift */ = {isa = PBXFileReference; lastKnownFileType = sourcecode.swift; path = SceneDelegate.swift; sourceTree = "<group>"; };
		D98C374524660C7200919F2E /* TodoListViewController.swift */ = {isa = PBXFileReference; lastKnownFileType = sourcecode.swift; path = TodoListViewController.swift; sourceTree = "<group>"; };
		D98C374824660C7200919F2E /* Base */ = {isa = PBXFileReference; lastKnownFileType = file.storyboard; name = Base; path = Base.lproj/Main.storyboard; sourceTree = "<group>"; };
		D98C374A24660C7300919F2E /* Assets.xcassets */ = {isa = PBXFileReference; lastKnownFileType = folder.assetcatalog; path = Assets.xcassets; sourceTree = "<group>"; };
		D98C374D24660C7300919F2E /* Base */ = {isa = PBXFileReference; lastKnownFileType = file.storyboard; name = Base; path = Base.lproj/LaunchScreen.storyboard; sourceTree = "<group>"; };
		D98C374F24660C7300919F2E /* Info.plist */ = {isa = PBXFileReference; lastKnownFileType = text.plist.xml; path = Info.plist; sourceTree = "<group>"; };
		D9AEFB89246F195F00B2FFE3 /* CategoryViewController.swift */ = {isa = PBXFileReference; lastKnownFileType = sourcecode.swift; path = CategoryViewController.swift; sourceTree = "<group>"; };
/* End PBXFileReference section */

/* Begin PBXFrameworksBuildPhase section */
		D98C373B24660C7200919F2E /* Frameworks */ = {
			isa = PBXFrameworksBuildPhase;
			buildActionMask = 2147483647;
			files = (
				E9FECAE3629E1DF63426D897 /* Pods_MiniList.framework in Frameworks */,
			);
			runOnlyForDeploymentPostprocessing = 0;
		};
/* End PBXFrameworksBuildPhase section */

/* Begin PBXGroup section */
		C63C6FEA6DCFB20EA231694F /* Pods */ = {
			isa = PBXGroup;
			children = (
				500580BB3388831F4029D81D /* Pods-MiniList.debug.xcconfig */,
				A4DDD86AF2743D608171D806 /* Pods-MiniList.release.xcconfig */,
			);
			path = Pods;
			sourceTree = "<group>";
		};
		D935FEDB2469A6A7004E943C /* Data Model */ = {
			isa = PBXGroup;
			children = (
				D9000F43246F3F4400C1BB9B /* Category.swift */,
				D9000F41246F3F3500C1BB9B /* Item.swift */,
			);
			path = "Data Model";
			sourceTree = "<group>";
		};
		D935FEDC2469A6B2004E943C /* Controllers */ = {
			isa = PBXGroup;
			children = (
				D9AEFB89246F195F00B2FFE3 /* CategoryViewController.swift */,
				D98C374524660C7200919F2E /* TodoListViewController.swift */,
			);
			path = Controllers;
			sourceTree = "<group>";
		};
		D935FEDD2469A6BD004E943C /* Views */ = {
			isa = PBXGroup;
			children = (
				D98C374724660C7200919F2E /* Main.storyboard */,
			);
			path = Views;
			sourceTree = "<group>";
		};
		D935FEDE2469A6D7004E943C /* Supporting Files */ = {
			isa = PBXGroup;
			children = (
				D98C374A24660C7300919F2E /* Assets.xcassets */,
				D98C374C24660C7300919F2E /* LaunchScreen.storyboard */,
			);
			path = "Supporting Files";
			sourceTree = "<group>";
		};
		D98C373524660C7200919F2E = {
			isa = PBXGroup;
			children = (
				D98C374024660C7200919F2E /* MiniList */,
				D98C373F24660C7200919F2E /* Products */,
				C63C6FEA6DCFB20EA231694F /* Pods */,
				E9AF6E2E2F010324E2B90659 /* Frameworks */,
			);
			sourceTree = "<group>";
		};
		D98C373F24660C7200919F2E /* Products */ = {
			isa = PBXGroup;
			children = (
				D98C373E24660C7200919F2E /* MiniList.app */,
			);
			name = Products;
			sourceTree = "<group>";
		};
		D98C374024660C7200919F2E /* MiniList */ = {
			isa = PBXGroup;
			children = (
				D98C374124660C7200919F2E /* AppDelegate.swift */,
				D98C374324660C7200919F2E /* SceneDelegate.swift */,
				D935FEDC2469A6B2004E943C /* Controllers */,
				D935FEDB2469A6A7004E943C /* Data Model */,
				D935FEDD2469A6BD004E943C /* Views */,
				D935FEDE2469A6D7004E943C /* Supporting Files */,
				D98C374F24660C7300919F2E /* Info.plist */,
			);
			path = MiniList;
			sourceTree = "<group>";
		};
		E9AF6E2E2F010324E2B90659 /* Frameworks */ = {
			isa = PBXGroup;
			children = (
				C0ACCA44A11E3F116578944D /* Pods_MiniList.framework */,
			);
			name = Frameworks;
			sourceTree = "<group>";
		};
/* End PBXGroup section */

/* Begin PBXNativeTarget section */
		D98C373D24660C7200919F2E /* MiniList */ = {
			isa = PBXNativeTarget;
			buildConfigurationList = D98C375224660C7300919F2E /* Build configuration list for PBXNativeTarget "MiniList" */;
			buildPhases = (
				59092E4C47E4FF72A3D00818 /* [CP] Check Pods Manifest.lock */,
				D98C373A24660C7200919F2E /* Sources */,
				D98C373B24660C7200919F2E /* Frameworks */,
				D98C373C24660C7200919F2E /* Resources */,
				CD22996D80EF8B7A18A8A4E7 /* [CP] Embed Pods Frameworks */,
			);
			buildRules = (
			);
			dependencies = (
			);
			name = MiniList;
			productName = MiniList;
			productReference = D98C373E24660C7200919F2E /* MiniList.app */;
			productType = "com.apple.product-type.application";
		};
/* End PBXNativeTarget section */

/* Begin PBXProject section */
		D98C373624660C7200919F2E /* Project object */ = {
			isa = PBXProject;
			attributes = {
				LastSwiftUpdateCheck = 1140;
				LastUpgradeCheck = 1140;
				ORGANIZATIONNAME = "Eshita Kalsi";
				TargetAttributes = {
					D98C373D24660C7200919F2E = {
						CreatedOnToolsVersion = 11.4.1;
					};
				};
			};
			buildConfigurationList = D98C373924660C7200919F2E /* Build configuration list for PBXProject "MiniList" */;
			compatibilityVersion = "Xcode 9.3";
			developmentRegion = en;
			hasScannedForEncodings = 0;
			knownRegions = (
				en,
				Base,
			);
			mainGroup = D98C373524660C7200919F2E;
			productRefGroup = D98C373F24660C7200919F2E /* Products */;
			projectDirPath = "";
			projectRoot = "";
			targets = (
				D98C373D24660C7200919F2E /* MiniList */,
			);
		};
/* End PBXProject section */

/* Begin PBXResourcesBuildPhase section */
		D98C373C24660C7200919F2E /* Resources */ = {
			isa = PBXResourcesBuildPhase;
			buildActionMask = 2147483647;
			files = (
				D98C374E24660C7300919F2E /* LaunchScreen.storyboard in Resources */,
				D98C374B24660C7300919F2E /* Assets.xcassets in Resources */,
				D98C374924660C7200919F2E /* Main.storyboard in Resources */,
			);
			runOnlyForDeploymentPostprocessing = 0;
		};
/* End PBXResourcesBuildPhase section */

/* Begin PBXShellScriptBuildPhase section */
		59092E4C47E4FF72A3D00818 /* [CP] Check Pods Manifest.lock */ = {
			isa = PBXShellScriptBuildPhase;
			buildActionMask = 2147483647;
			files = (
			);
			inputFileListPaths = (
			);
			inputPaths = (
				"${PODS_PODFILE_DIR_PATH}/Podfile.lock",
				"${PODS_ROOT}/Manifest.lock",
			);
			name = "[CP] Check Pods Manifest.lock";
			outputFileListPaths = (
			);
			outputPaths = (
				"$(DERIVED_FILE_DIR)/Pods-MiniList-checkManifestLockResult.txt",
			);
			runOnlyForDeploymentPostprocessing = 0;
			shellPath = /bin/sh;
			shellScript = "diff \"${PODS_PODFILE_DIR_PATH}/Podfile.lock\" \"${PODS_ROOT}/Manifest.lock\" > /dev/null\nif [ $? != 0 ] ; then\n    # print error to STDERR\n    echo \"error: The sandbox is not in sync with the Podfile.lock. Run 'pod install' or update your CocoaPods installation.\" >&2\n    exit 1\nfi\n# This output is used by Xcode 'outputs' to avoid re-running this script phase.\necho \"SUCCESS\" > \"${SCRIPT_OUTPUT_FILE_0}\"\n";
			showEnvVarsInLog = 0;
		};
		CD22996D80EF8B7A18A8A4E7 /* [CP] Embed Pods Frameworks */ = {
			isa = PBXShellScriptBuildPhase;
			buildActionMask = 2147483647;
			files = (
			);
			inputFileListPaths = (
				"${PODS_ROOT}/Target Support Files/Pods-MiniList/Pods-MiniList-frameworks-${CONFIGURATION}-input-files.xcfilelist",
			);
			name = "[CP] Embed Pods Frameworks";
			outputFileListPaths = (
				"${PODS_ROOT}/Target Support Files/Pods-MiniList/Pods-MiniList-frameworks-${CONFIGURATION}-output-files.xcfilelist",
			);
			runOnlyForDeploymentPostprocessing = 0;
			shellPath = /bin/sh;
			shellScript = "\"${PODS_ROOT}/Target Support Files/Pods-MiniList/Pods-MiniList-frameworks.sh\"\n";
			showEnvVarsInLog = 0;
		};
/* End PBXShellScriptBuildPhase section */

/* Begin PBXSourcesBuildPhase section */
		D98C373A24660C7200919F2E /* Sources */ = {
			isa = PBXSourcesBuildPhase;
			buildActionMask = 2147483647;
			files = (
				D9AEFB8A246F195F00B2FFE3 /* CategoryViewController.swift in Sources */,
				D98C374624660C7200919F2E /* TodoListViewController.swift in Sources */,
				D98C374224660C7200919F2E /* AppDelegate.swift in Sources */,
				D9000F42246F3F3600C1BB9B /* Item.swift in Sources */,
				D98C374424660C7200919F2E /* SceneDelegate.swift in Sources */,
				D9000F44246F3F4400C1BB9B /* Category.swift in Sources */,
			);
			runOnlyForDeploymentPostprocessing = 0;
		};
/* End PBXSourcesBuildPhase section */

/* Begin PBXVariantGroup section */
		D98C374724660C7200919F2E /* Main.storyboard */ = {
			isa = PBXVariantGroup;
			children = (
				D98C374824660C7200919F2E /* Base */,
			);
			name = Main.storyboard;
			sourceTree = "<group>";
		};
		D98C374C24660C7300919F2E /* LaunchScreen.storyboard */ = {
			isa = PBXVariantGroup;
			children = (
				D98C374D24660C7300919F2E /* Base */,
			);
			name = LaunchScreen.storyboard;
			sourceTree = "<group>";
		};
/* End PBXVariantGroup section */

/* Begin XCBuildConfiguration section */
		D98C375024660C7300919F2E /* Debug */ = {
			isa = XCBuildConfiguration;
			buildSettings = {
				ALWAYS_SEARCH_USER_PATHS = NO;
				CLANG_ANALYZER_NONNULL = YES;
				CLANG_ANALYZER_NUMBER_OBJECT_CONVERSION = YES_AGGRESSIVE;
				CLANG_CXX_LANGUAGE_STANDARD = "gnu++14";
				CLANG_CXX_LIBRARY = "libc++";
				CLANG_ENABLE_MODULES = YES;
				CLANG_ENABLE_OBJC_ARC = YES;
				CLANG_ENABLE_OBJC_WEAK = YES;
				CLANG_WARN_BLOCK_CAPTURE_AUTORELEASING = YES;
				CLANG_WARN_BOOL_CONVERSION = YES;
				CLANG_WARN_COMMA = YES;
				CLANG_WARN_CONSTANT_CONVERSION = YES;
				CLANG_WARN_DEPRECATED_OBJC_IMPLEMENTATIONS = YES;
				CLANG_WARN_DIRECT_OBJC_ISA_USAGE = YES_ERROR;
				CLANG_WARN_DOCUMENTATION_COMMENTS = YES;
				CLANG_WARN_EMPTY_BODY = YES;
				CLANG_WARN_ENUM_CONVERSION = YES;
				CLANG_WARN_INFINITE_RECURSION = YES;
				CLANG_WARN_INT_CONVERSION = YES;
				CLANG_WARN_NON_LITERAL_NULL_CONVERSION = YES;
				CLANG_WARN_OBJC_IMPLICIT_RETAIN_SELF = YES;
				CLANG_WARN_OBJC_LITERAL_CONVERSION = YES;
				CLANG_WARN_OBJC_ROOT_CLASS = YES_ERROR;
				CLANG_WARN_RANGE_LOOP_ANALYSIS = YES;
				CLANG_WARN_STRICT_PROTOTYPES = YES;
				CLANG_WARN_SUSPICIOUS_MOVE = YES;
				CLANG_WARN_UNGUARDED_AVAILABILITY = YES_AGGRESSIVE;
				CLANG_WARN_UNREACHABLE_CODE = YES;
				CLANG_WARN__DUPLICATE_METHOD_MATCH = YES;
				COPY_PHASE_STRIP = NO;
				DEBUG_INFORMATION_FORMAT = dwarf;
				ENABLE_STRICT_OBJC_MSGSEND = YES;
				ENABLE_TESTABILITY = YES;
				GCC_C_LANGUAGE_STANDARD = gnu11;
				GCC_DYNAMIC_NO_PIC = NO;
				GCC_NO_COMMON_BLOCKS = YES;
				GCC_OPTIMIZATION_LEVEL = 0;
				GCC_PREPROCESSOR_DEFINITIONS = (
					"DEBUG=1",
					"$(inherited)",
				);
				GCC_WARN_64_TO_32_BIT_CONVERSION = YES;
				GCC_WARN_ABOUT_RETURN_TYPE = YES_ERROR;
				GCC_WARN_UNDECLARED_SELECTOR = YES;
				GCC_WARN_UNINITIALIZED_AUTOS = YES_AGGRESSIVE;
				GCC_WARN_UNUSED_FUNCTION = YES;
				GCC_WARN_UNUSED_VARIABLE = YES;
				IPHONEOS_DEPLOYMENT_TARGET = 13.4;
				MTL_ENABLE_DEBUG_INFO = INCLUDE_SOURCE;
				MTL_FAST_MATH = YES;
				ONLY_ACTIVE_ARCH = YES;
				SDKROOT = iphoneos;
				SWIFT_ACTIVE_COMPILATION_CONDITIONS = DEBUG;
				SWIFT_OPTIMIZATION_LEVEL = "-Onone";
			};
			name = Debug;
		};
		D98C375124660C7300919F2E /* Release */ = {
			isa = XCBuildConfiguration;
			buildSettings = {
				ALWAYS_SEARCH_USER_PATHS = NO;
				CLANG_ANALYZER_NONNULL = YES;
				CLANG_ANALYZER_NUMBER_OBJECT_CONVERSION = YES_AGGRESSIVE;
				CLANG_CXX_LANGUAGE_STANDARD = "gnu++14";
				CLANG_CXX_LIBRARY = "libc++";
				CLANG_ENABLE_MODULES = YES;
				CLANG_ENABLE_OBJC_ARC = YES;
				CLANG_ENABLE_OBJC_WEAK = YES;
				CLANG_WARN_BLOCK_CAPTURE_AUTORELEASING = YES;
				CLANG_WARN_BOOL_CONVERSION = YES;
				CLANG_WARN_COMMA = YES;
				CLANG_WARN_CONSTANT_CONVERSION = YES;
				CLANG_WARN_DEPRECATED_OBJC_IMPLEMENTATIONS = YES;
				CLANG_WARN_DIRECT_OBJC_ISA_USAGE = YES_ERROR;
				CLANG_WARN_DOCUMENTATION_COMMENTS = YES;
				CLANG_WARN_EMPTY_BODY = YES;
				CLANG_WARN_ENUM_CONVERSION = YES;
				CLANG_WARN_INFINITE_RECURSION = YES;
				CLANG_WARN_INT_CONVERSION = YES;
				CLANG_WARN_NON_LITERAL_NULL_CONVERSION = YES;
				CLANG_WARN_OBJC_IMPLICIT_RETAIN_SELF = YES;
				CLANG_WARN_OBJC_LITERAL_CONVERSION = YES;
				CLANG_WARN_OBJC_ROOT_CLASS = YES_ERROR;
				CLANG_WARN_RANGE_LOOP_ANALYSIS = YES;
				CLANG_WARN_STRICT_PROTOTYPES = YES;
				CLANG_WARN_SUSPICIOUS_MOVE = YES;
				CLANG_WARN_UNGUARDED_AVAILABILITY = YES_AGGRESSIVE;
				CLANG_WARN_UNREACHABLE_CODE = YES;
				CLANG_WARN__DUPLICATE_METHOD_MATCH = YES;
				COPY_PHASE_STRIP = NO;
				DEBUG_INFORMATION_FORMAT = "dwarf-with-dsym";
				ENABLE_NS_ASSERTIONS = NO;
				ENABLE_STRICT_OBJC_MSGSEND = YES;
				GCC_C_LANGUAGE_STANDARD = gnu11;
				GCC_NO_COMMON_BLOCKS = YES;
				GCC_WARN_64_TO_32_BIT_CONVERSION = YES;
				GCC_WARN_ABOUT_RETURN_TYPE = YES_ERROR;
				GCC_WARN_UNDECLARED_SELECTOR = YES;
				GCC_WARN_UNINITIALIZED_AUTOS = YES_AGGRESSIVE;
				GCC_WARN_UNUSED_FUNCTION = YES;
				GCC_WARN_UNUSED_VARIABLE = YES;
				IPHONEOS_DEPLOYMENT_TARGET = 13.4;
				MTL_ENABLE_DEBUG_INFO = NO;
				MTL_FAST_MATH = YES;
				SDKROOT = iphoneos;
				SWIFT_COMPILATION_MODE = wholemodule;
				SWIFT_OPTIMIZATION_LEVEL = "-O";
				VALIDATE_PRODUCT = YES;
			};
			name = Release;
		};
		D98C375324660C7300919F2E /* Debug */ = {
			isa = XCBuildConfiguration;
			baseConfigurationReference = 500580BB3388831F4029D81D /* Pods-MiniList.debug.xcconfig */;
			buildSettings = {
				ASSETCATALOG_COMPILER_APPICON_NAME = AppIcon;
				CODE_SIGN_STYLE = Automatic;
				DEVELOPMENT_TEAM = HCWZQP6AMM;
				INFOPLIST_FILE = MiniList/Info.plist;
				LD_RUNPATH_SEARCH_PATHS = (
					"$(inherited)",
					"@executable_path/Frameworks",
				);
				PRODUCT_BUNDLE_IDENTIFIER = com.eshitakalsi.MiniList;
				PRODUCT_NAME = "$(TARGET_NAME)";
				SWIFT_VERSION = 5.0;
				TARGETED_DEVICE_FAMILY = "1,2";
			};
			name = Debug;
		};
		D98C375424660C7300919F2E /* Release */ = {
			isa = XCBuildConfiguration;
			baseConfigurationReference = A4DDD86AF2743D608171D806 /* Pods-MiniList.release.xcconfig */;
			buildSettings = {
				ASSETCATALOG_COMPILER_APPICON_NAME = AppIcon;
				CODE_SIGN_STYLE = Automatic;
				DEVELOPMENT_TEAM = HCWZQP6AMM;
				INFOPLIST_FILE = MiniList/Info.plist;
				LD_RUNPATH_SEARCH_PATHS = (
					"$(inherited)",
					"@executable_path/Frameworks",
				);
				PRODUCT_BUNDLE_IDENTIFIER = com.eshitakalsi.MiniList;
				PRODUCT_NAME = "$(TARGET_NAME)";
				SWIFT_VERSION = 5.0;
				TARGETED_DEVICE_FAMILY = "1,2";
			};
			name = Release;
		};
/* End XCBuildConfiguration section */

/* Begin XCConfigurationList section */
		D98C373924660C7200919F2E /* Build configuration list for PBXProject "MiniList" */ = {
			isa = XCConfigurationList;
			buildConfigurations = (
				D98C375024660C7300919F2E /* Debug */,
				D98C375124660C7300919F2E /* Release */,
			);
			defaultConfigurationIsVisible = 0;
			defaultConfigurationName = Release;
		};
		D98C375224660C7300919F2E /* Build configuration list for PBXNativeTarget "MiniList" */ = {
			isa = XCConfigurationList;
			buildConfigurations = (
				D98C375324660C7300919F2E /* Debug */,
				D98C375424660C7300919F2E /* Release */,
			);
			defaultConfigurationIsVisible = 0;
			defaultConfigurationName = Release;
		};
/* End XCConfigurationList section */
	};
	rootObject = D98C373624660C7200919F2E /* Project object */;
}
